
Microsoft Visual Studio Solution File, Format Version 12.00
# Visual Studio Version 16
VisualStudioVersion = 16.0.31229.75
MinimumVisualStudioVersion = 10.0.40219.1
Project("{FAE04EC0-301F-11D3-BF4B-00C04F79EFBC}") = "Entities", "Entities\Entities.csproj", "{97C69ABC-C4F0-4DEB-AAF6-6A4D6518046F}"
EndProject
Global
	GlobalSection(SolutionConfigurationPlatforms) = preSolution
		Debug|Any CPU = Debug|Any CPU
		Release|Any CPU = Release|Any CPU
	EndGlobalSection
	GlobalSection(ProjectConfigurationPlatforms) = postSolution
		{97C69ABC-C4F0-4DEB-AAF6-6A4D6518046F}.Debug|Any CPU.ActiveCfg = Debug|Any CPU
		{97C69ABC-C4F0-4DEB-AAF6-6A4D6518046F}.Debug|Any CPU.Build.0 = Debug|Any CPU
		{97C69ABC-C4F0-4DEB-AAF6-6A4D6518046F}.Release|Any CPU.ActiveCfg = Release|Any CPU
		{97C69ABC-C4F0-4DEB-AAF6-6A4D6518046F}.Release|Any CPU.Build.0 = Release|Any CPU
	EndGlobalSection
	GlobalSection(SolutionProperties) = preSolution
		HideSolutionNode = FALSE
	EndGlobalSection
	GlobalSection(ExtensibilityGlobals) = postSolution
		SolutionGuid = {38C8F240-D249-40F9-B37B-C79281F62E09}
	EndGlobalSection
EndGlobal
